{
  "name": "tsp-problem-editor",
  "version": "1.0.0",
  "lockfileVersion": 3,
  "requires": true,
  "packages": {
    "": {
      "name": "tsp-problem-editor",
      "version": "1.0.0",
      "description": "Local TSP problem viewer for the tsplib-rs backend.",
      "engines": {
        "node": ">=18"
      }
    }
  }
}
